{
  "name": "groupp2",
  "version": "1.0.0",
  "lockfileVersion": 2,
  "requires": true,
  "packages": {
    "": {
      "name": "groupp2",
      "version": "1.0.0",
      "license": "ISC",
      "dependencies": {
        "foundation": "^4.2.1-1",
        "foundation-sites": "^6.7.5",
        "handlebars": "^4.7.7",
        "jquery": "^3.6.0",
        "node": "^18.5.0"
      }
    },
    "node_modules/cssom": {
      "version": "0.2.5",
      "resolved": "https://registry.npmjs.org/cssom/-/cssom-0.2.5.tgz",
      "integrity": "sha512-b9ecqKEfWrNcyzx5+1nmcfi80fPp8dVM8rlAh7fFK14PZbNjp++gRjyZTZfLJQa/Lw0qeCJho7WBIl0nw0v6HA==",
      "engines": {
        "node": ">=0.2.0"
      }
    },
    "node_modules/debug": {
      "version": "4.3.4",
      "resolved": "https://registry.npmjs.org/debug/-/debug-4.3.4.tgz",
      "integrity": "sha512-PRWFHuSU3eDtQJPvnNY7Jcket1j0t5OuOsFzPPzsekD52Zl8qUfFIPEiswXqIvHWGVHOgX+7G/vCNNhehwxfkQ==",
      "dependencies": {
        "ms": "2.1.2"
      },
      "engines": {
        "node": ">=6.0"
      },
      "peerDependenciesMeta": {
        "supports-color": {
          "optional": true
        }
      }
    },
    "node_modules/foundation": {
      "version": "4.2.1-1",
      "resolved": "https://registry.npmjs.org/foundation/-/foundation-4.2.1-1.tgz",
      "integrity": "sha512-qZ+7IxnB7Zh3ISaAdeSzfSuuNZ+aOIFLri42CLCU03Oj9b1xJMYk4WNmtXXeNjceRn63whIG2dhYW+0tz5VOkg==",
      "dependencies": {
        "stylus": "~0.32.1",
        "stylus-type-utils": "~0.0.3"
      }
    },
    "node_modules/foundation-sites": {
      "version": "6.7.5",
      "resolved": "https://registry.npmjs.org/foundation-sites/-/foundation-sites-6.7.5.tgz",
      "integrity": "sha512-MEjAENdF/IV2XQvlQmg20o+iDTyyWu0N/j440e8fKbEylbKxARzgg5S7vcnxtjukC1Lqg+rRm7ZDSSyGhVVoUQ==",
      "engines": {
        "node": ">=12.0"
      },
      "peerDependencies": {
        "jquery": ">=3.6.0",
        "motion-ui": "latest",
        "what-input": ">=5.2.10"
      }
    },
    "node_modules/handlebars": {
      "version": "4.7.7",
      "resolved": "https://registry.npmjs.org/handlebars/-/handlebars-4.7.7.tgz",
      "integrity": "sha512-aAcXm5OAfE/8IXkcZvCepKU3VzW1/39Fb5ZuqMtgI/hT8X2YgoMvBY5dLhq/cpOvw7Lk1nK/UF71aLG/ZnVYRA==",
      "dependencies": {
        "minimist": "^1.2.5",
        "neo-async": "^2.6.0",
        "source-map": "^0.6.1",
        "wordwrap": "^1.0.0"
      },
      "bin": {
        "handlebars": "bin/handlebars"
      },
      "engines": {
        "node": ">=0.4.7"
      },
      "optionalDependencies": {
        "uglify-js": "^3.1.4"
      }
    },
    "node_modules/jquery": {
      "version": "3.6.0",
      "resolved": "https://registry.npmjs.org/jquery/-/jquery-3.6.0.tgz",
      "integrity": "sha512-JVzAR/AjBvVt2BmYhxRCSYysDsPcssdmTFnzyLEts9qNwmjmu4JTAMYubEfwVOSwpQ1I1sKKFcxhZCI2buerfw=="
    },
    "node_modules/minimist": {
      "version": "1.2.6",
      "resolved": "https://registry.npmjs.org/minimist/-/minimist-1.2.6.tgz",
      "integrity": "sha512-Jsjnk4bw3YJqYzbdyBiNsPWHPfO++UGG749Cxs6peCu5Xg4nrena6OVxOYxrQTqww0Jmwt+Ref8rggumkTLz9Q=="
    },
    "node_modules/mkdirp": {
      "version": "0.3.5",
      "resolved": "https://registry.npmjs.org/mkdirp/-/mkdirp-0.3.5.tgz",
      "integrity": "sha512-8OCq0De/h9ZxseqzCH8Kw/Filf5pF/vMI6+BH7Lu0jXz2pqYCjTAQRolSxRIi+Ax+oCCjlxoJMP0YQ4XlrQNHg==",
      "deprecated": "Legacy versions of mkdirp are no longer supported. Please update to mkdirp 1.x. (Note that the API surface has changed to use Promises in 1.x.)"
    },
    "node_modules/motion-ui": {
      "version": "2.0.4",
      "resolved": "https://registry.npmjs.org/motion-ui/-/motion-ui-2.0.4.tgz",
      "integrity": "sha512-7GjtcXXqRHUQGH9Gm8KLbvx9sz5tNGlftsaJ/J5d4q33PzfgKnUm+OynDji4VR3fiZXPT3nMkzBQlZsifYTIOg==",
      "peer": true,
      "peerDependencies": {
        "jquery": ">=2.2.0"
      }
    },
    "node_modules/ms": {
      "version": "2.1.2",
      "resolved": "https://registry.npmjs.org/ms/-/ms-2.1.2.tgz",
      "integrity": "sha512-sGkPx+VjMtmA6MX27oA4FBFELFCZZ4S4XqeGOXCv68tT+jb3vk/RyaKWP0PTKyWtmLSM0b+adUTEvbs1PEaH2w=="
    },
    "node_modules/neo-async": {
      "version": "2.6.2",
      "resolved": "https://registry.npmjs.org/neo-async/-/neo-async-2.6.2.tgz",
      "integrity": "sha512-Yd3UES5mWCSqR+qNT93S3UoYUkqAZ9lLg8a7g9rimsWmYGK8cVToA4/sF3RrshdyV3sAGMXVUmpMYOw+dLpOuw=="
    },
    "node_modules/node": {
      "version": "18.5.0",
      "resolved": "https://registry.npmjs.org/node/-/node-18.5.0.tgz",
      "integrity": "sha512-o0o7TfrD92IRQrwbvbExjl+i1ZXAyXdYS3vAMYn/1Oez6hKVnIp+bWxXBnh3USCpYK65zTW9VLAIBrCiyfhUuA==",
      "hasInstallScript": true,
      "dependencies": {
        "node-bin-setup": "^1.0.0"
      },
      "bin": {
        "node": "bin/node"
      },
      "engines": {
        "npm": ">=5.0.0"
      }
    },
    "node_modules/node-bin-setup": {
      "version": "1.1.0",
      "resolved": "https://registry.npmjs.org/node-bin-setup/-/node-bin-setup-1.1.0.tgz",
      "integrity": "sha512-pTeU6NgUrexiLNtd+AKwvg6cngHMvj5FZ5e2bbv2ogBSIc9yhkXSSaTScfSRZnwHIh5YFmYSYlemLWkiKD7rog=="
    },
    "node_modules/source-map": {
      "version": "0.6.1",
      "resolved": "https://registry.npmjs.org/source-map/-/source-map-0.6.1.tgz",
      "integrity": "sha512-UjgapumWlbMhkBgzT7Ykc5YXUT46F0iKu8SGXq0bcwP5dz/h0Plj6enJqjz1Zbq2l5WaqYnrVbwWOWMyF3F47g==",
      "engines": {
        "node": ">=0.10.0"
      }
    },
    "node_modules/stylus": {
      "version": "0.32.1",
      "resolved": "https://registry.npmjs.org/stylus/-/stylus-0.32.1.tgz",
      "integrity": "sha512-QAUlDBLxjrNpf4dT991DOaXcxBKCJuICYAso29Q0RV9aI+REZIER4aRMfE5DIkV1meSiVccO27dA1Uhu+5gzEQ==",
      "dependencies": {
        "cssom": "0.2.x",
        "debug": "*",
        "mkdirp": "0.3.x"
      },
      "bin": {
        "stylus": "bin/stylus"
      },
      "engines": {
        "node": "*"
      }
    },
    "node_modules/stylus-type-utils": {
      "version": "0.0.3",
      "resolved": "https://registry.npmjs.org/stylus-type-utils/-/stylus-type-utils-0.0.3.tgz",
      "integrity": "sha512-E1yoznMW1fFSm2OUF+oEp41KWSXoTYPEBgpRVAASVPG45mrnCZzs7qmA+0bjegJ9vLRPoYeX38mU3RJFk6BphQ==",
      "peerDependencies": {
        "stylus": "0.x"
      }
    },
    "node_modules/uglify-js": {
      "version": "3.16.2",
      "resolved": "https://registry.npmjs.org/uglify-js/-/uglify-js-3.16.2.tgz",
      "integrity": "sha512-AaQNokTNgExWrkEYA24BTNMSjyqEXPSfhqoS0AxmHkCJ4U+Dyy5AvbGV/sqxuxficEfGGoX3zWw9R7QpLFfEsg==",
      "optional": true,
      "bin": {
        "uglifyjs": "bin/uglifyjs"
      },
      "engines": {
        "node": ">=0.8.0"
      }
    },
    "node_modules/what-input": {
      "version": "5.2.12",
      "resolved": "https://registry.npmjs.org/what-input/-/what-input-5.2.12.tgz",
      "integrity": "sha512-3yrSa7nGSXGJS6wZeSkO6VNm95pB1mZ9i3wFzC1hhY7mn4/afue/MvXz04OXNdBC8bfo4AB4RRd3Dem9jXM58Q==",
      "peer": true
    },
    "node_modules/wordwrap": {
      "version": "1.0.0",
      "resolved": "https://registry.npmjs.org/wordwrap/-/wordwrap-1.0.0.tgz",
      "integrity": "sha512-gvVzJFlPycKc5dZN4yPkP8w7Dc37BtP1yczEneOb4uq34pXZcvrtRTmWV8W+Ume+XCxKgbjM+nevkyFPMybd4Q=="
    }
  },
  "dependencies": {
    "cssom": {
      "version": "0.2.5",
      "resolved": "https://registry.npmjs.org/cssom/-/cssom-0.2.5.tgz",
      "integrity": "sha512-b9ecqKEfWrNcyzx5+1nmcfi80fPp8dVM8rlAh7fFK14PZbNjp++gRjyZTZfLJQa/Lw0qeCJho7WBIl0nw0v6HA=="
    },
    "debug": {
      "version": "4.3.4",
      "resolved": "https://registry.npmjs.org/debug/-/debug-4.3.4.tgz",
      "integrity": "sha512-PRWFHuSU3eDtQJPvnNY7Jcket1j0t5OuOsFzPPzsekD52Zl8qUfFIPEiswXqIvHWGVHOgX+7G/vCNNhehwxfkQ==",
      "requires": {
        "ms": "2.1.2"
      }
    },
    "foundation": {
      "version": "4.2.1-1",
      "resolved": "https://registry.npmjs.org/foundation/-/foundation-4.2.1-1.tgz",
      "integrity": "sha512-qZ+7IxnB7Zh3ISaAdeSzfSuuNZ+aOIFLri42CLCU03Oj9b1xJMYk4WNmtXXeNjceRn63whIG2dhYW+0tz5VOkg==",
      "requires": {
        "stylus": "~0.32.1",
        "stylus-type-utils": "~0.0.3"
      }
    },
    "foundation-sites": {
      "version": "6.7.5",
      "resolved": "https://registry.npmjs.org/foundation-sites/-/foundation-sites-6.7.5.tgz",
      "integrity": "sha512-MEjAENdF/IV2XQvlQmg20o+iDTyyWu0N/j440e8fKbEylbKxARzgg5S7vcnxtjukC1Lqg+rRm7ZDSSyGhVVoUQ==",
      "requires": {}
    },
    "handlebars": {
      "version": "4.7.7",
      "resolved": "https://registry.npmjs.org/handlebars/-/handlebars-4.7.7.tgz",
      "integrity": "sha512-aAcXm5OAfE/8IXkcZvCepKU3VzW1/39Fb5ZuqMtgI/hT8X2YgoMvBY5dLhq/cpOvw7Lk1nK/UF71aLG/ZnVYRA==",
      "requires": {
        "minimist": "^1.2.5",
        "neo-async": "^2.6.0",
        "source-map": "^0.6.1",
        "uglify-js": "^3.1.4",
        "wordwrap": "^1.0.0"
      }
    },
    "jquery": {
      "version": "3.6.0",
      "resolved": "https://registry.npmjs.org/jquery/-/jquery-3.6.0.tgz",
      "integrity": "sha512-JVzAR/AjBvVt2BmYhxRCSYysDsPcssdmTFnzyLEts9qNwmjmu4JTAMYubEfwVOSwpQ1I1sKKFcxhZCI2buerfw=="
    },
    "minimist": {
      "version": "1.2.6",
      "resolved": "https://registry.npmjs.org/minimist/-/minimist-1.2.6.tgz",
      "integrity": "sha512-Jsjnk4bw3YJqYzbdyBiNsPWHPfO++UGG749Cxs6peCu5Xg4nrena6OVxOYxrQTqww0Jmwt+Ref8rggumkTLz9Q=="
    },
    "mkdirp": {
      "version": "0.3.5",
      "resolved": "https://registry.npmjs.org/mkdirp/-/mkdirp-0.3.5.tgz",
      "integrity": "sha512-8OCq0De/h9ZxseqzCH8Kw/Filf5pF/vMI6+BH7Lu0jXz2pqYCjTAQRolSxRIi+Ax+oCCjlxoJMP0YQ4XlrQNHg=="
    },
    "motion-ui": {
      "version": "2.0.4",
      "resolved": "https://registry.npmjs.org/motion-ui/-/motion-ui-2.0.4.tgz",
      "integrity": "sha512-7GjtcXXqRHUQGH9Gm8KLbvx9sz5tNGlftsaJ/J5d4q33PzfgKnUm+OynDji4VR3fiZXPT3nMkzBQlZsifYTIOg==",
      "peer": true,
      "requires": {}
    },
    "ms": {
      "version": "2.1.2",
      "resolved": "https://registry.npmjs.org/ms/-/ms-2.1.2.tgz",
      "integrity": "sha512-sGkPx+VjMtmA6MX27oA4FBFELFCZZ4S4XqeGOXCv68tT+jb3vk/RyaKWP0PTKyWtmLSM0b+adUTEvbs1PEaH2w=="
    },
    "neo-async": {
      "version": "2.6.2",
      "resolved": "https://registry.npmjs.org/neo-async/-/neo-async-2.6.2.tgz",
      "integrity": "sha512-Yd3UES5mWCSqR+qNT93S3UoYUkqAZ9lLg8a7g9rimsWmYGK8cVToA4/sF3RrshdyV3sAGMXVUmpMYOw+dLpOuw=="
    },
    "node": {
      "version": "18.5.0",
      "resolved": "https://registry.npmjs.org/node/-/node-18.5.0.tgz",
      "integrity": "sha512-o0o7TfrD92IRQrwbvbExjl+i1ZXAyXdYS3vAMYn/1Oez6hKVnIp+bWxXBnh3USCpYK65zTW9VLAIBrCiyfhUuA==",
      "requires": {
        "node-bin-setup": "^1.0.0"
      }
    },
    "node-bin-setup": {
      "version": "1.1.0",
      "resolved": "https://registry.npmjs.org/node-bin-setup/-/node-bin-setup-1.1.0.tgz",
      "integrity": "sha512-pTeU6NgUrexiLNtd+AKwvg6cngHMvj5FZ5e2bbv2ogBSIc9yhkXSSaTScfSRZnwHIh5YFmYSYlemLWkiKD7rog=="
    },
    "source-map": {
      "version": "0.6.1",
      "resolved": "https://registry.npmjs.org/source-map/-/source-map-0.6.1.tgz",
      "integrity": "sha512-UjgapumWlbMhkBgzT7Ykc5YXUT46F0iKu8SGXq0bcwP5dz/h0Plj6enJqjz1Zbq2l5WaqYnrVbwWOWMyF3F47g=="
    },
    "stylus": {
      "version": "0.32.1",
      "resolved": "https://registry.npmjs.org/stylus/-/stylus-0.32.1.tgz",
      "integrity": "sha512-QAUlDBLxjrNpf4dT991DOaXcxBKCJuICYAso29Q0RV9aI+REZIER4aRMfE5DIkV1meSiVccO27dA1Uhu+5gzEQ==",
      "requires": {
        "cssom": "0.2.x",
        "debug": "*",
        "mkdirp": "0.3.x"
      }
    },
    "stylus-type-utils": {
      "version": "0.0.3",
      "resolved": "https://registry.npmjs.org/stylus-type-utils/-/stylus-type-utils-0.0.3.tgz",
      "integrity": "sha512-E1yoznMW1fFSm2OUF+oEp41KWSXoTYPEBgpRVAASVPG45mrnCZzs7qmA+0bjegJ9vLRPoYeX38mU3RJFk6BphQ==",
      "requires": {}
    },
    "uglify-js": {
      "version": "3.16.2",
      "resolved": "https://registry.npmjs.org/uglify-js/-/uglify-js-3.16.2.tgz",
      "integrity": "sha512-AaQNokTNgExWrkEYA24BTNMSjyqEXPSfhqoS0AxmHkCJ4U+Dyy5AvbGV/sqxuxficEfGGoX3zWw9R7QpLFfEsg==",
      "optional": true
    },
    "what-input": {
      "version": "5.2.12",
      "resolved": "https://registry.npmjs.org/what-input/-/what-input-5.2.12.tgz",
      "integrity": "sha512-3yrSa7nGSXGJS6wZeSkO6VNm95pB1mZ9i3wFzC1hhY7mn4/afue/MvXz04OXNdBC8bfo4AB4RRd3Dem9jXM58Q==",
      "peer": true
    },
    "wordwrap": {
      "version": "1.0.0",
      "resolved": "https://registry.npmjs.org/wordwrap/-/wordwrap-1.0.0.tgz",
      "integrity": "sha512-gvVzJFlPycKc5dZN4yPkP8w7Dc37BtP1yczEneOb4uq34pXZcvrtRTmWV8W+Ume+XCxKgbjM+nevkyFPMybd4Q=="
    }
  }
}
